
Microsoft Visual Studio Solution File, Format Version 12.00
# Visual Studio Version 17
VisualStudioVersion = 17.3.32922.545
MinimumVisualStudioVersion = 10.0.40219.1
Project("{9A19103F-16F7-4668-BE54-9A1E7A4F7556}") = "QIReport", "QIReport\QIReport.csproj", "{04498478-9FE7-4EED-8D9A-4343DEA4B2FE}"
EndProject
Global
	GlobalSection(SolutionConfigurationPlatforms) = preSolution
		Debug|Any CPU = Debug|Any CPU
		Release|Any CPU = Release|Any CPU
	EndGlobalSection
	GlobalSection(ProjectConfigurationPlatforms) = postSolution
		{04498478-9FE7-4EED-8D9A-4343DEA4B2FE}.Debug|Any CPU.ActiveCfg = Debug|Any CPU
		{04498478-9FE7-4EED-8D9A-4343DEA4B2FE}.Debug|Any CPU.Build.0 = Debug|Any CPU
		{04498478-9FE7-4EED-8D9A-4343DEA4B2FE}.Release|Any CPU.ActiveCfg = Release|Any CPU
		{04498478-9FE7-4EED-8D9A-4343DEA4B2FE}.Release|Any CPU.Build.0 = Release|Any CPU
	EndGlobalSection
	GlobalSection(SolutionProperties) = preSolution
		HideSolutionNode = FALSE
	EndGlobalSection
	GlobalSection(ExtensibilityGlobals) = postSolution
		SolutionGuid = {343DD976-5CCE-40EF-A396-4EAEAD627D8B}
	EndGlobalSection
EndGlobal
